
Microsoft Visual Studio Solution File, Format Version 12.00
# Visual Studio 15
VisualStudioVersion = 15.0.28307.539
MinimumVisualStudioVersion = 10.0.40219.1
Project("{2150E333-8FDC-42A3-9474-1A3956D46DE8}") = "Application", "Application", "{742A4D64-7F9C-4014-A365-40B92D0D21A1}"
EndProject
Project("{2150E333-8FDC-42A3-9474-1A3956D46DE8}") = "Domain", "Domain", "{25745413-E9B6-483F-88C2-83574B160A8C}"
EndProject
Project("{2150E333-8FDC-42A3-9474-1A3956D46DE8}") = "Data", "Data", "{F1206ADA-BE8A-42B8-993C-CC13D70BBB2B}"
EndProject
Project("{FAE04EC0-301F-11D3-BF4B-00C04F79EFBC}") = "TechTestJM.Api", "TechTestJM.Api\TechTestJM.Api.csproj", "{B66A105A-5798-46CF-8E3A-3A772C51E973}"
EndProject
Project("{2150E333-8FDC-42A3-9474-1A3956D46DE8}") = "Service", "Service", "{BD1A6F63-3DDF-49E7-A46B-4A6562C3B84A}"
EndProject
Project("{FAE04EC0-301F-11D3-BF4B-00C04F79EFBC}") = "TechTestJM.Data.Service", "TechTestJM.Data.Service\TechTestJM.Data.Service.csproj", "{E3582863-CEC4-4489-8005-44A560CEEA89}"
EndProject
Project("{2150E333-8FDC-42A3-9474-1A3956D46DE8}") = "Model", "Model", "{33C2785C-E3D5-4D6A-97B7-C5D07D600B47}"
EndProject
Project("{FAE04EC0-301F-11D3-BF4B-00C04F79EFBC}") = "TechTestJM.Data.Model", "TechTestJM.Data.Model\TechTestJM.Data.Model.csproj", "{D9F603E2-0DF4-48D1-AF2C-A3DB8904E5DC}"
EndProject
Project("{FAE04EC0-301F-11D3-BF4B-00C04F79EFBC}") = "TechTestJM.Business", "TechTestJM.Business\TechTestJM.Business.csproj", "{5956051D-11E9-48FC-A0BA-5B27FEEAAED8}"
EndProject
Project("{2150E333-8FDC-42A3-9474-1A3956D46DE8}") = "Business", "Business", "{270A5198-7CE6-4184-AB74-A767531B2B05}"
EndProject
Project("{2150E333-8FDC-42A3-9474-1A3956D46DE8}") = "Model", "Model", "{17EE73A2-B7D9-4F4E-B8C9-B876CD4F28B8}"
EndProject
Project("{FAE04EC0-301F-11D3-BF4B-00C04F79EFBC}") = "TechTestJM.Model", "TechTestJM.Model\TechTestJM.Model.csproj", "{EBBC48C7-310D-4A54-B64A-1D4F6CAEC4A3}"
EndProject
Project("{2150E333-8FDC-42A3-9474-1A3956D46DE8}") = "Support", "Support", "{6CA91775-3693-48F7-A6E6-0C50B31A3862}"
EndProject
Project("{FAE04EC0-301F-11D3-BF4B-00C04F79EFBC}") = "TechTestJM.Support.JsonHelper", "TechTestJM.Support.JsonHelper\TechTestJM.Support.JsonHelper.csproj", "{6DB01795-FD9D-4E94-B0C2-40D1F41C2F64}"
EndProject
Project("{FAE04EC0-301F-11D3-BF4B-00C04F79EFBC}") = "TechTestJM.WebSite", "TechTestJM.WebSite\TechTestJM.WebSite.csproj", "{764D4BA1-01A7-4873-90F5-020F842B46A3}"
EndProject
Project("{2150E333-8FDC-42A3-9474-1A3956D46DE8}") = "Tests", "Tests", "{F5EB019A-CE30-486E-BC1F-9A264534DBFD}"
EndProject
Project("{FAE04EC0-301F-11D3-BF4B-00C04F79EFBC}") = "TechTestJM.Business.Tests", "TechTestJM.Business.Tests\TechTestJM.Business.Tests.csproj", "{C626872E-008D-4723-BB55-1CFE3B8C17B9}"
EndProject
Global
	GlobalSection(SolutionConfigurationPlatforms) = preSolution
		Debug|Any CPU = Debug|Any CPU
		Release|Any CPU = Release|Any CPU
	EndGlobalSection
	GlobalSection(ProjectConfigurationPlatforms) = postSolution
		{B66A105A-5798-46CF-8E3A-3A772C51E973}.Debug|Any CPU.ActiveCfg = Debug|Any CPU
		{B66A105A-5798-46CF-8E3A-3A772C51E973}.Debug|Any CPU.Build.0 = Debug|Any CPU
		{B66A105A-5798-46CF-8E3A-3A772C51E973}.Release|Any CPU.ActiveCfg = Release|Any CPU
		{B66A105A-5798-46CF-8E3A-3A772C51E973}.Release|Any CPU.Build.0 = Release|Any CPU
		{E3582863-CEC4-4489-8005-44A560CEEA89}.Debug|Any CPU.ActiveCfg = Debug|Any CPU
		{E3582863-CEC4-4489-8005-44A560CEEA89}.Debug|Any CPU.Build.0 = Debug|Any CPU
		{E3582863-CEC4-4489-8005-44A560CEEA89}.Release|Any CPU.ActiveCfg = Release|Any CPU
		{E3582863-CEC4-4489-8005-44A560CEEA89}.Release|Any CPU.Build.0 = Release|Any CPU
		{D9F603E2-0DF4-48D1-AF2C-A3DB8904E5DC}.Debug|Any CPU.ActiveCfg = Debug|Any CPU
		{D9F603E2-0DF4-48D1-AF2C-A3DB8904E5DC}.Debug|Any CPU.Build.0 = Debug|Any CPU
		{D9F603E2-0DF4-48D1-AF2C-A3DB8904E5DC}.Release|Any CPU.ActiveCfg = Release|Any CPU
		{D9F603E2-0DF4-48D1-AF2C-A3DB8904E5DC}.Release|Any CPU.Build.0 = Release|Any CPU
		{5956051D-11E9-48FC-A0BA-5B27FEEAAED8}.Debug|Any CPU.ActiveCfg = Debug|Any CPU
		{5956051D-11E9-48FC-A0BA-5B27FEEAAED8}.Debug|Any CPU.Build.0 = Debug|Any CPU
		{5956051D-11E9-48FC-A0BA-5B27FEEAAED8}.Release|Any CPU.ActiveCfg = Release|Any CPU
		{5956051D-11E9-48FC-A0BA-5B27FEEAAED8}.Release|Any CPU.Build.0 = Release|Any CPU
		{EBBC48C7-310D-4A54-B64A-1D4F6CAEC4A3}.Debug|Any CPU.ActiveCfg = Debug|Any CPU
		{EBBC48C7-310D-4A54-B64A-1D4F6CAEC4A3}.Debug|Any CPU.Build.0 = Debug|Any CPU
		{EBBC48C7-310D-4A54-B64A-1D4F6CAEC4A3}.Release|Any CPU.ActiveCfg = Release|Any CPU
		{EBBC48C7-310D-4A54-B64A-1D4F6CAEC4A3}.Release|Any CPU.Build.0 = Release|Any CPU
		{6DB01795-FD9D-4E94-B0C2-40D1F41C2F64}.Debug|Any CPU.ActiveCfg = Debug|Any CPU
		{6DB01795-FD9D-4E94-B0C2-40D1F41C2F64}.Debug|Any CPU.Build.0 = Debug|Any CPU
		{6DB01795-FD9D-4E94-B0C2-40D1F41C2F64}.Release|Any CPU.ActiveCfg = Release|Any CPU
		{6DB01795-FD9D-4E94-B0C2-40D1F41C2F64}.Release|Any CPU.Build.0 = Release|Any CPU
		{764D4BA1-01A7-4873-90F5-020F842B46A3}.Debug|Any CPU.ActiveCfg = Debug|Any CPU
		{764D4BA1-01A7-4873-90F5-020F842B46A3}.Debug|Any CPU.Build.0 = Debug|Any CPU
		{764D4BA1-01A7-4873-90F5-020F842B46A3}.Release|Any CPU.ActiveCfg = Release|Any CPU
		{764D4BA1-01A7-4873-90F5-020F842B46A3}.Release|Any CPU.Build.0 = Release|Any CPU
		{C626872E-008D-4723-BB55-1CFE3B8C17B9}.Debug|Any CPU.ActiveCfg = Debug|Any CPU
		{C626872E-008D-4723-BB55-1CFE3B8C17B9}.Debug|Any CPU.Build.0 = Debug|Any CPU
		{C626872E-008D-4723-BB55-1CFE3B8C17B9}.Release|Any CPU.ActiveCfg = Release|Any CPU
		{C626872E-008D-4723-BB55-1CFE3B8C17B9}.Release|Any CPU.Build.0 = Release|Any CPU
	EndGlobalSection
	GlobalSection(SolutionProperties) = preSolution
		HideSolutionNode = FALSE
	EndGlobalSection
	GlobalSection(NestedProjects) = preSolution
		{B66A105A-5798-46CF-8E3A-3A772C51E973} = {742A4D64-7F9C-4014-A365-40B92D0D21A1}
		{BD1A6F63-3DDF-49E7-A46B-4A6562C3B84A} = {F1206ADA-BE8A-42B8-993C-CC13D70BBB2B}
		{E3582863-CEC4-4489-8005-44A560CEEA89} = {BD1A6F63-3DDF-49E7-A46B-4A6562C3B84A}
		{33C2785C-E3D5-4D6A-97B7-C5D07D600B47} = {F1206ADA-BE8A-42B8-993C-CC13D70BBB2B}
		{D9F603E2-0DF4-48D1-AF2C-A3DB8904E5DC} = {33C2785C-E3D5-4D6A-97B7-C5D07D600B47}
		{5956051D-11E9-48FC-A0BA-5B27FEEAAED8} = {270A5198-7CE6-4184-AB74-A767531B2B05}
		{270A5198-7CE6-4184-AB74-A767531B2B05} = {25745413-E9B6-483F-88C2-83574B160A8C}
		{17EE73A2-B7D9-4F4E-B8C9-B876CD4F28B8} = {25745413-E9B6-483F-88C2-83574B160A8C}
		{EBBC48C7-310D-4A54-B64A-1D4F6CAEC4A3} = {17EE73A2-B7D9-4F4E-B8C9-B876CD4F28B8}
		{6DB01795-FD9D-4E94-B0C2-40D1F41C2F64} = {6CA91775-3693-48F7-A6E6-0C50B31A3862}
		{764D4BA1-01A7-4873-90F5-020F842B46A3} = {742A4D64-7F9C-4014-A365-40B92D0D21A1}
		{C626872E-008D-4723-BB55-1CFE3B8C17B9} = {F5EB019A-CE30-486E-BC1F-9A264534DBFD}
	EndGlobalSection
	GlobalSection(ExtensibilityGlobals) = postSolution
		SolutionGuid = {F300660E-B77B-4093-8151-865066FE395F}
	EndGlobalSection
EndGlobal
